PODS:
  - Appboy-iOS-SDK (4.5.0):
    - Appboy-iOS-SDK/UI (= 4.5.0)
  - Appboy-iOS-SDK/ContentCards (4.5.0):
    - Appboy-iOS-SDK/Core
    - SDWebImage (< 6, >= 5.8.2)
  - Appboy-iOS-SDK/Core (4.5.0)
  - Appboy-iOS-SDK/InAppMessage (4.5.0):
    - Appboy-iOS-SDK/Core
    - SDWebImage (< 6, >= 5.8.2)
  - Appboy-iOS-SDK/NewsFeed (4.5.0):
    - Appboy-iOS-SDK/Core
    - SDWebImage (< 6, >= 5.8.2)
  - Appboy-iOS-SDK/UI (4.5.0):
    - Appboy-iOS-SDK/ContentCards
    - Appboy-iOS-SDK/Core
    - Appboy-iOS-SDK/InAppMessage
    - Appboy-iOS-SDK/NewsFeed
  - AppsFlyerFramework (6.5.2):
    - AppsFlyerFramework/Main (= 6.5.2)
  - AppsFlyerFramework/Main (6.5.2)
  - boost (1.76.0)
  - BVLinearGradient (2.5.6):
    - React
  - CocoaAsyncSocket (7.6.5)
  - DoubleConversion (1.1.6)
  - FBLazyVector (0.67.5)
  - FBReactNativeSpec (0.67.5):
    - RCT-Folly (= 2021.06.28.00-v2)
    - RCTRequired (= 0.67.5)
    - RCTTypeSafety (= 0.67.5)
    - React-Core (= 0.67.5)
    - React-jsi (= 0.67.5)
    - ReactCommon/turbomodule/core (= 0.67.5)
  - Flipper (0.162.0):
    - Flipper-Folly (~> 2.6)
  - Flipper-Boost-iOSX (1.76.0.1.11)
  - Flipper-DoubleConversion (3.1.7)
  - Flipper-Fmt (7.1.7)
  - Flipper-Folly (2.6.7):
    - Flipper-Boost-iOSX
    - Flipper-DoubleConversion
    - Flipper-Fmt (= 7.1.7)
    - Flipper-Glog
    - libevent (~> 2.1.12)
    - OpenSSL-Universal (= 1.1.180)
  - Flipper-Glog (0.3.6)
  - Flipper-PeerTalk (0.0.4)
  - Flipper-RSocket (1.4.3):
    - Flipper-Folly (~> 2.6)
  - FlipperKit (0.162.0):
    - FlipperKit/Core (= 0.162.0)
  - FlipperKit/Core (0.162.0):
    - Flipper (~> 0.162.0)
    - FlipperKit/CppBridge
    - FlipperKit/FBCxxFollyDynamicConvert
    - FlipperKit/FBDefines
    - FlipperKit/FKPortForwarding
    - SocketRocket (~> 0.6.0)
  - FlipperKit/CppBridge (0.162.0):
    - Flipper (~> 0.162.0)
  - FlipperKit/FBCxxFollyDynamicConvert (0.162.0):
    - Flipper-Folly (~> 2.6)
  - FlipperKit/FBDefines (0.162.0)
  - FlipperKit/FKPortForwarding (0.162.0):
    - CocoaAsyncSocket (~> 7.6)
    - Flipper-PeerTalk (~> 0.0.4)
  - FlipperKit/FlipperKitHighlightOverlay (0.162.0)
  - FlipperKit/FlipperKitLayoutHelpers (0.162.0):
    - FlipperKit/Core
    - FlipperKit/FlipperKitHighlightOverlay
    - FlipperKit/FlipperKitLayoutTextSearchable
  - FlipperKit/FlipperKitLayoutIOSDescriptors (0.162.0):
    - FlipperKit/Core
    - FlipperKit/FlipperKitHighlightOverlay
    - FlipperKit/FlipperKitLayoutHelpers
    - YogaKit (~> 1.18)
  - FlipperKit/FlipperKitLayoutPlugin (0.162.0):
    - FlipperKit/Core
    - FlipperKit/FlipperKitHighlightOverlay
    - FlipperKit/FlipperKitLayoutHelpers
    - FlipperKit/FlipperKitLayoutIOSDescriptors
    - FlipperKit/FlipperKitLayoutTextSearchable
    - YogaKit (~> 1.18)
  - FlipperKit/FlipperKitLayoutTextSearchable (0.162.0)
  - FlipperKit/FlipperKitNetworkPlugin (0.162.0):
    - FlipperKit/Core
  - FlipperKit/FlipperKitReactPlugin (0.162.0):
    - FlipperKit/Core
  - FlipperKit/FlipperKitUserDefaultsPlugin (0.162.0):
    - FlipperKit/Core
  - FlipperKit/SKIOSNetworkPlugin (0.162.0):
    - FlipperKit/Core
    - FlipperKit/FlipperKitNetworkPlugin
  - fmt (6.2.1)
  - glog (0.3.5)
  - hermes-engine (0.9.0)
  - InputMask (6.1.0)
  - libevent (2.1.12)
  - libwebp (1.2.1):
    - libwebp/demux (= 1.2.1)
    - libwebp/mux (= 1.2.1)
    - libwebp/webp (= 1.2.1)
  - libwebp/demux (1.2.1):
    - libwebp/webp
  - libwebp/mux (1.2.1):
    - libwebp/demux
  - libwebp/webp (1.2.1)
  - OpenSSL-Universal (1.1.180)
  - Permission-Notifications (3.2.0):
    - RNPermissions
  - PoweredByDosh (2.7.1):
    - PoweredByDosh/PoweredByDosh (= 2.7.1)
  - PoweredByDosh/PoweredByDosh (2.7.1)
  - RCT-Folly (2021.06.28.00-v2):
    - boost
    - DoubleConversion
    - fmt (~> 6.2.1)
    - glog
    - RCT-Folly/Default (= 2021.06.28.00-v2)
  - RCT-Folly/Default (2021.06.28.00-v2):
    - boost
    - DoubleConversion
    - fmt (~> 6.2.1)
    - glog
  - RCT-Folly/Futures (2021.06.28.00-v2):
    - boost
    - DoubleConversion
    - fmt (~> 6.2.1)
    - glog
    - libevent
  - RCTRequired (0.67.5)
  - RCTTypeSafety (0.67.5):
    - FBLazyVector (= 0.67.5)
    - RCT-Folly (= 2021.06.28.00-v2)
    - RCTRequired (= 0.67.5)
    - React-Core (= 0.67.5)
  - React (0.67.5):
    - React-Core (= 0.67.5)
    - React-Core/DevSupport (= 0.67.5)
    - React-Core/RCTWebSocket (= 0.67.5)
    - React-RCTActionSheet (= 0.67.5)
    - React-RCTAnimation (= 0.67.5)
    - React-RCTBlob (= 0.67.5)
    - React-RCTImage (= 0.67.5)
    - React-RCTLinking (= 0.67.5)
    - React-RCTNetwork (= 0.67.5)
    - React-RCTSettings (= 0.67.5)
    - React-RCTText (= 0.67.5)
    - React-RCTVibration (= 0.67.5)
  - React-callinvoker (0.67.5)
  - React-Core (0.67.5):
    - glog
    - RCT-Folly (= 2021.06.28.00-v2)
    - React-Core/Default (= 0.67.5)
    - React-cxxreact (= 0.67.5)
    - React-jsi (= 0.67.5)
    - React-jsiexecutor (= 0.67.5)
    - React-perflogger (= 0.67.5)
    - Yoga
  - React-Core/CoreModulesHeaders (0.67.5):
    - glog
    - RCT-Folly (= 2021.06.28.00-v2)
    - React-Core/Default
    - React-cxxreact (= 0.67.5)
    - React-jsi (= 0.67.5)
    - React-jsiexecutor (= 0.67.5)
    - React-perflogger (= 0.67.5)
    - Yoga
  - React-Core/Default (0.67.5):
    - glog
    - RCT-Folly (= 2021.06.28.00-v2)
    - React-cxxreact (= 0.67.5)
    - React-jsi (= 0.67.5)
    - React-jsiexecutor (= 0.67.5)
    - React-perflogger (= 0.67.5)
    - Yoga
  - React-Core/DevSupport (0.67.5):
    - glog
    - RCT-Folly (= 2021.06.28.00-v2)
    - React-Core/Default (= 0.67.5)
    - React-Core/RCTWebSocket (= 0.67.5)
    - React-cxxreact (= 0.67.5)
    - React-jsi (= 0.67.5)
    - React-jsiexecutor (= 0.67.5)
    - React-jsinspector (= 0.67.5)
    - React-perflogger (= 0.67.5)
    - Yoga
  - React-Core/RCTActionSheetHeaders (0.67.5):
    - glog
    - RCT-Folly (= 2021.06.28.00-v2)
    - React-Core/Default
    - React-cxxreact (= 0.67.5)
    - React-jsi (= 0.67.5)
    - React-jsiexecutor (= 0.67.5)
    - React-perflogger (= 0.67.5)
    - Yoga
  - React-Core/RCTAnimationHeaders (0.67.5):
    - glog
    - RCT-Folly (= 2021.06.28.00-v2)
    - React-Core/Default
    - React-cxxreact (= 0.67.5)
    - React-jsi (= 0.67.5)
    - React-jsiexecutor (= 0.67.5)
    - React-perflogger (= 0.67.5)
    - Yoga
  - React-Core/RCTBlobHeaders (0.67.5):
    - glog
    - RCT-Folly (= 2021.06.28.00-v2)
    - React-Core/Default
    - React-cxxreact (= 0.67.5)
    - React-jsi (= 0.67.5)
    - React-jsiexecutor (= 0.67.5)
    - React-perflogger (= 0.67.5)
    - Yoga
  - React-Core/RCTImageHeaders (0.67.5):
    - glog
    - RCT-Folly (= 2021.06.28.00-v2)
    - React-Core/Default
    - React-cxxreact (= 0.67.5)
    - React-jsi (= 0.67.5)
    - React-jsiexecutor (= 0.67.5)
    - React-perflogger (= 0.67.5)
    - Yoga
  - React-Core/RCTLinkingHeaders (0.67.5):
    - glog
    - RCT-Folly (= 2021.06.28.00-v2)
    - React-Core/Default
    - React-cxxreact (= 0.67.5)
    - React-jsi (= 0.67.5)
    - React-jsiexecutor (= 0.67.5)
    - React-perflogger (= 0.67.5)
    - Yoga
  - React-Core/RCTNetworkHeaders (0.67.5):
    - glog
    - RCT-Folly (= 2021.06.28.00-v2)
    - React-Core/Default
    - React-cxxreact (= 0.67.5)
    - React-jsi (= 0.67.5)
    - React-jsiexecutor (= 0.67.5)
    - React-perflogger (= 0.67.5)
    - Yoga
  - React-Core/RCTSettingsHeaders (0.67.5):
    - glog
    - RCT-Folly (= 2021.06.28.00-v2)
    - React-Core/Default
    - React-cxxreact (= 0.67.5)
    - React-jsi (= 0.67.5)
    - React-jsiexecutor (= 0.67.5)
    - React-perflogger (= 0.67.5)
    - Yoga
  - React-Core/RCTTextHeaders (0.67.5):
    - glog
    - RCT-Folly (= 2021.06.28.00-v2)
    - React-Core/Default
    - React-cxxreact (= 0.67.5)
    - React-jsi (= 0.67.5)
    - React-jsiexecutor (= 0.67.5)
    - React-perflogger (= 0.67.5)
    - Yoga
  - React-Core/RCTVibrationHeaders (0.67.5):
    - glog
    - RCT-Folly (= 2021.06.28.00-v2)
    - React-Core/Default
    - React-cxxreact (= 0.67.5)
    - React-jsi (= 0.67.5)
    - React-jsiexecutor (= 0.67.5)
    - React-perflogger (= 0.67.5)
    - Yoga
  - React-Core/RCTWebSocket (0.67.5):
    - glog
    - RCT-Folly (= 2021.06.28.00-v2)
    - React-Core/Default (= 0.67.5)
    - React-cxxreact (= 0.67.5)
    - React-jsi (= 0.67.5)
    - React-jsiexecutor (= 0.67.5)
    - React-perflogger (= 0.67.5)
    - Yoga
  - React-CoreModules (0.67.5):
    - FBReactNativeSpec (= 0.67.5)
    - RCT-Folly (= 2021.06.28.00-v2)
    - RCTTypeSafety (= 0.67.5)
    - React-Core/CoreModulesHeaders (= 0.67.5)
    - React-jsi (= 0.67.5)
    - React-RCTImage (= 0.67.5)
    - ReactCommon/turbomodule/core (= 0.67.5)
  - React-cxxreact (0.67.5):
    - boost (= 1.76.0)
    - DoubleConversion
    - glog
    - RCT-Folly (= 2021.06.28.00-v2)
    - React-callinvoker (= 0.67.5)
    - React-jsi (= 0.67.5)
    - React-jsinspector (= 0.67.5)
    - React-logger (= 0.67.5)
    - React-perflogger (= 0.67.5)
    - React-runtimeexecutor (= 0.67.5)
  - React-hermes (0.67.5):
    - DoubleConversion
    - glog
    - hermes-engine
    - RCT-Folly (= 2021.06.28.00-v2)
    - RCT-Folly/Futures (= 2021.06.28.00-v2)
    - React-cxxreact (= 0.67.5)
    - React-jsi (= 0.67.5)
    - React-jsiexecutor (= 0.67.5)
    - React-jsinspector (= 0.67.5)
    - React-perflogger (= 0.67.5)
  - React-jsi (0.67.5):
    - boost (= 1.76.0)
    - DoubleConversion
    - glog
    - RCT-Folly (= 2021.06.28.00-v2)
    - React-jsi/Default (= 0.67.5)
  - React-jsi/Default (0.67.5):
    - boost (= 1.76.0)
    - DoubleConversion
    - glog
    - RCT-Folly (= 2021.06.28.00-v2)
  - React-jsiexecutor (0.67.5):
    - DoubleConversion
    - glog
    - RCT-Folly (= 2021.06.28.00-v2)
    - React-cxxreact (= 0.67.5)
    - React-jsi (= 0.67.5)
    - React-perflogger (= 0.67.5)
  - React-jsinspector (0.67.5)
  - React-logger (0.67.5):
    - glog
  - react-native-appboy-sdk (1.38.1):
    - Appboy-iOS-SDK (~> 4.5.0)
    - React
  - react-native-appsflyer (6.5.20):
    - AppsFlyerFramework (= 6.5.2)
    - React
  - react-native-blur (0.8.0):
    - React
  - react-native-camera (4.2.1):
    - React-Core
    - react-native-camera/RCT (= 4.2.1)
    - react-native-camera/RN (= 4.2.1)
  - react-native-camera/RCT (4.2.1):
    - React-Core
  - react-native-camera/RN (4.2.1):
    - React-Core
  - react-native-config (1.4.5):
    - react-native-config/App (= 1.4.5)
  - react-native-config/App (1.4.5):
    - React-Core
  - react-native-get-random-values (1.8.0):
    - React-Core
  - react-native-in-app-review (4.2.1):
    - React-Core
  - react-native-mail (6.1.1):
    - React-Core
  - react-native-pager-view (5.4.9):
    - React-Core
  - react-native-print (0.10.0):
    - React-Core
  - react-native-randombytes (3.6.1):
    - React-Core
  - react-native-restart (0.0.24):
    - React-Core
  - react-native-safe-area-context (3.3.2):
    - React-Core
  - react-native-slider (4.2.4):
    - React-Core
  - react-native-text-input-mask (3.1.4):
    - InputMask (~> 6.1.0)
    - React-Core
    - React-RCTText
  - react-native-user-agent (2.3.1):
    - React
  - react-native-webview (11.17.1):
    - React-Core
  - React-perflogger (0.67.5)
  - React-RCTActionSheet (0.67.5):
    - React-Core/RCTActionSheetHeaders (= 0.67.5)
  - React-RCTAnimation (0.67.5):
    - FBReactNativeSpec (= 0.67.5)
    - RCT-Folly (= 2021.06.28.00-v2)
    - RCTTypeSafety (= 0.67.5)
    - React-Core/RCTAnimationHeaders (= 0.67.5)
    - React-jsi (= 0.67.5)
    - ReactCommon/turbomodule/core (= 0.67.5)
  - React-RCTBlob (0.67.5):
    - FBReactNativeSpec (= 0.67.5)
    - RCT-Folly (= 2021.06.28.00-v2)
    - React-Core/RCTBlobHeaders (= 0.67.5)
    - React-Core/RCTWebSocket (= 0.67.5)
    - React-jsi (= 0.67.5)
    - React-RCTNetwork (= 0.67.5)
    - ReactCommon/turbomodule/core (= 0.67.5)
  - React-RCTImage (0.67.5):
    - FBReactNativeSpec (= 0.67.5)
    - RCT-Folly (= 2021.06.28.00-v2)
    - RCTTypeSafety (= 0.67.5)
    - React-Core/RCTImageHeaders (= 0.67.5)
    - React-jsi (= 0.67.5)
    - React-RCTNetwork (= 0.67.5)
    - ReactCommon/turbomodule/core (= 0.67.5)
  - React-RCTLinking (0.67.5):
    - FBReactNativeSpec (= 0.67.5)
    - React-Core/RCTLinkingHeaders (= 0.67.5)
    - React-jsi (= 0.67.5)
    - ReactCommon/turbomodule/core (= 0.67.5)
  - React-RCTNetwork (0.67.5):
    - FBReactNativeSpec (= 0.67.5)
    - RCT-Folly (= 2021.06.28.00-v2)
    - RCTTypeSafety (= 0.67.5)
    - React-Core/RCTNetworkHeaders (= 0.67.5)
    - React-jsi (= 0.67.5)
    - ReactCommon/turbomodule/core (= 0.67.5)
  - React-RCTSettings (0.67.5):
    - FBReactNativeSpec (= 0.67.5)
    - RCT-Folly (= 2021.06.28.00-v2)
    - RCTTypeSafety (= 0.67.5)
    - React-Core/RCTSettingsHeaders (= 0.67.5)
    - React-jsi (= 0.67.5)
    - ReactCommon/turbomodule/core (= 0.67.5)
  - React-RCTText (0.67.5):
    - React-Core/RCTTextHeaders (= 0.67.5)
  - React-RCTVibration (0.67.5):
    - FBReactNativeSpec (= 0.67.5)
    - RCT-Folly (= 2021.06.28.00-v2)
    - React-Core/RCTVibrationHeaders (= 0.67.5)
    - React-jsi (= 0.67.5)
    - ReactCommon/turbomodule/core (= 0.67.5)
  - React-runtimeexecutor (0.67.5):
    - React-jsi (= 0.67.5)
  - ReactCommon/turbomodule/core (0.67.5):
    - DoubleConversion
    - glog
    - RCT-Folly (= 2021.06.28.00-v2)
    - React-callinvoker (= 0.67.5)
    - React-Core (= 0.67.5)
    - React-cxxreact (= 0.67.5)
    - React-jsi (= 0.67.5)
    - React-logger (= 0.67.5)
    - React-perflogger (= 0.67.5)
  - RNBootSplash (3.2.6):
    - React-Core
  - RNCAsyncStorage (1.17.10):
    - React-Core
  - RNCClipboard (1.5.1):
    - React-Core
  - RNCMaskedView (0.2.6):
    - React-Core
  - RNDeviceInfo (8.4.7):
    - React-Core
  - RNFastImage (8.5.11):
    - React-Core
    - SDWebImage (~> 5.11.1)
    - SDWebImageWebPCoder (~> 0.8.4)
  - RNFS (2.20.0):
    - React-Core
  - RNGestureHandler (2.4.1):
    - React-Core
  - RNInAppBrowser (3.7.0):
    - React-Core
  - RNLocalize (2.1.7):
    - React-Core
  - RNOS (1.2.6):
    - React
  - RNPermissions (3.2.0):
    - React-Core
  - RNQuickAction (0.3.13):
    - React
  - RNRate (1.2.9):
    - React-Core
  - RNReactNativeHapticFeedback (1.13.0):
    - React-Core
  - RNReanimated (2.5.0):
    - DoubleConversion
    - FBLazyVector
    - FBReactNativeSpec
    - glog
    - RCT-Folly
    - RCTRequired
    - RCTTypeSafety
    - React
    - React-callinvoker
    - React-Core
    - React-Core/DevSupport
    - React-Core/RCTWebSocket
    - React-CoreModules
    - React-cxxreact
    - React-jsi
    - React-jsiexecutor
    - React-jsinspector
    - React-RCTActionSheet
    - React-RCTAnimation
    - React-RCTBlob
    - React-RCTImage
    - React-RCTLinking
    - React-RCTNetwork
    - React-RCTSettings
    - React-RCTText
    - ReactCommon/turbomodule/core
    - Yoga
  - RNScreens (3.9.0):
    - React-Core
    - React-RCTImage
  - RNShare (8.2.0):
    - React-Core
  - RNSharedElement (0.8.4):
    - React-Core
  - RNSVG (12.3.0):
    - React-Core
  - SDWebImage (5.11.1):
    - SDWebImage/Core (= 5.11.1)
  - SDWebImage/Core (5.11.1)
  - SDWebImageWebPCoder (0.8.4):
    - libwebp (~> 1.0)
    - SDWebImage/Core (~> 5.10)
  - segment-analytics-react-native (2.7.1):
    - React-Core
    - sovran-react-native
  - segment-analytics-react-native-plugin-idfa (0.4.1):
    - React-Core
  - SocketRocket (0.6.0)
  - sovran-react-native (0.4.4):
    - React-Core
  - TouchID (5.0.1):
    - React
  - Yoga (1.14.0)
  - YogaKit (1.18.1):
    - Yoga (~> 1.14)

DEPENDENCIES:
  - boost (from `../node_modules/react-native/third-party-podspecs/boost.podspec`)
  - BVLinearGradient (from `../node_modules/react-native-linear-gradient`)
  - DoubleConversion (from `../node_modules/react-native/third-party-podspecs/DoubleConversion.podspec`)
  - FBLazyVector (from `../node_modules/react-native/Libraries/FBLazyVector`)
  - FBReactNativeSpec (from `../node_modules/react-native/React/FBReactNativeSpec`)
  - Flipper (= 0.162.0)
  - Flipper-Boost-iOSX (= 1.76.0.1.11)
  - Flipper-DoubleConversion (= 3.1.7)
  - Flipper-Fmt (= 7.1.7)
  - Flipper-Folly (= 2.6.7)
  - Flipper-Glog (= 0.3.6)
  - Flipper-PeerTalk (= 0.0.4)
  - Flipper-RSocket (= 1.4.3)
  - FlipperKit (= 0.162.0)
  - FlipperKit/Core (= 0.162.0)
  - FlipperKit/CppBridge (= 0.162.0)
  - FlipperKit/FBCxxFollyDynamicConvert (= 0.162.0)
  - FlipperKit/FBDefines (= 0.162.0)
  - FlipperKit/FKPortForwarding (= 0.162.0)
  - FlipperKit/FlipperKitHighlightOverlay (= 0.162.0)
  - FlipperKit/FlipperKitLayoutPlugin (= 0.162.0)
  - FlipperKit/FlipperKitLayoutTextSearchable (= 0.162.0)
  - FlipperKit/FlipperKitNetworkPlugin (= 0.162.0)
  - FlipperKit/FlipperKitReactPlugin (= 0.162.0)
  - FlipperKit/FlipperKitUserDefaultsPlugin (= 0.162.0)
  - FlipperKit/SKIOSNetworkPlugin (= 0.162.0)
  - glog (from `../node_modules/react-native/third-party-podspecs/glog.podspec`)
  - hermes-engine (~> 0.9.0)
  - libevent (~> 2.1.12)
  - OpenSSL-Universal (= 1.1.180)
  - Permission-Notifications (from `../node_modules/react-native-permissions/ios/Notifications/Permission-Notifications.podspec`)
  - PoweredByDosh
  - RCT-Folly (from `../node_modules/react-native/third-party-podspecs/RCT-Folly.podspec`)
  - RCTRequired (from `../node_modules/react-native/Libraries/RCTRequired`)
  - RCTTypeSafety (from `../node_modules/react-native/Libraries/TypeSafety`)
  - React (from `../node_modules/react-native/`)
  - React-callinvoker (from `../node_modules/react-native/ReactCommon/callinvoker`)
  - React-Core (from `../node_modules/react-native/`)
  - React-Core/DevSupport (from `../node_modules/react-native/`)
  - React-Core/RCTWebSocket (from `../node_modules/react-native/`)
  - React-CoreModules (from `../node_modules/react-native/React/CoreModules`)
  - React-cxxreact (from `../node_modules/react-native/ReactCommon/cxxreact`)
  - React-hermes (from `../node_modules/react-native/ReactCommon/hermes`)
  - React-jsi (from `../node_modules/react-native/ReactCommon/jsi`)
  - React-jsiexecutor (from `../node_modules/react-native/ReactCommon/jsiexecutor`)
  - React-jsinspector (from `../node_modules/react-native/ReactCommon/jsinspector`)
  - React-logger (from `../node_modules/react-native/ReactCommon/logger`)
  - react-native-appboy-sdk (from `../node_modules/react-native-appboy-sdk`)
  - react-native-appsflyer (from `../node_modules/react-native-appsflyer`)
  - "react-native-blur (from `../node_modules/@react-native-community/blur`)"
  - react-native-camera (from `../node_modules/react-native-camera`)
  - react-native-config (from `../node_modules/react-native-config`)
  - react-native-get-random-values (from `../node_modules/react-native-get-random-values`)
  - react-native-in-app-review (from `../node_modules/react-native-in-app-review`)
  - react-native-mail (from `../node_modules/react-native-mail`)
  - react-native-pager-view (from `../node_modules/react-native-pager-view`)
  - react-native-print (from `../node_modules/react-native-print`)
  - react-native-randombytes (from `../node_modules/react-native-randombytes`)
  - react-native-restart (from `../node_modules/react-native-restart`)
  - react-native-safe-area-context (from `../node_modules/react-native-safe-area-context`)
  - "react-native-slider (from `../node_modules/@react-native-community/slider`)"
  - react-native-text-input-mask (from `../node_modules/react-native-text-input-mask`)
  - react-native-user-agent (from `../node_modules/react-native-user-agent`)
  - react-native-webview (from `../node_modules/react-native-webview`)
  - React-perflogger (from `../node_modules/react-native/ReactCommon/reactperflogger`)
  - React-RCTActionSheet (from `../node_modules/react-native/Libraries/ActionSheetIOS`)
  - React-RCTAnimation (from `../node_modules/react-native/Libraries/NativeAnimation`)
  - React-RCTBlob (from `../node_modules/react-native/Libraries/Blob`)
  - React-RCTImage (from `../node_modules/react-native/Libraries/Image`)
  - React-RCTLinking (from `../node_modules/react-native/Libraries/LinkingIOS`)
  - React-RCTNetwork (from `../node_modules/react-native/Libraries/Network`)
  - React-RCTSettings (from `../node_modules/react-native/Libraries/Settings`)
  - React-RCTText (from `../node_modules/react-native/Libraries/Text`)
  - React-RCTVibration (from `../node_modules/react-native/Libraries/Vibration`)
  - React-runtimeexecutor (from `../node_modules/react-native/ReactCommon/runtimeexecutor`)
  - ReactCommon/turbomodule/core (from `../node_modules/react-native/ReactCommon`)
  - RNBootSplash (from `../node_modules/react-native-bootsplash`)
  - "RNCAsyncStorage (from `../node_modules/@react-native-async-storage/async-storage`)"
  - "RNCClipboard (from `../node_modules/@react-native-community/clipboard`)"
  - "RNCMaskedView (from `../node_modules/@react-native-masked-view/masked-view`)"
  - RNDeviceInfo (from `../node_modules/react-native-device-info`)
  - RNFastImage (from `../node_modules/react-native-fast-image`)
  - RNFS (from `../node_modules/react-native-fs`)
  - RNGestureHandler (from `../node_modules/react-native-gesture-handler`)
  - RNInAppBrowser (from `../node_modules/react-native-inappbrowser-reborn`)
  - RNLocalize (from `../node_modules/react-native-localize`)
  - RNOS (from `../node_modules/react-native-os`)
  - RNPermissions (from `../node_modules/react-native-permissions`)
  - RNQuickAction (from `../node_modules/react-native-quick-actions`)
  - RNRate (from `../node_modules/react-native-rate`)
  - RNReactNativeHapticFeedback (from `../node_modules/react-native-haptic-feedback`)
  - RNReanimated (from `../node_modules/react-native-reanimated`)
  - RNScreens (from `../node_modules/react-native-screens`)
  - RNShare (from `../node_modules/react-native-share`)
  - RNSharedElement (from `../node_modules/react-native-shared-element`)
  - RNSVG (from `../node_modules/react-native-svg`)
  - "segment-analytics-react-native (from `../node_modules/@segment/analytics-react-native`)"
  - "segment-analytics-react-native-plugin-idfa (from `../node_modules/@segment/analytics-react-native-plugin-idfa`)"
  - "sovran-react-native (from `../node_modules/@segment/sovran-react-native`)"
  - TouchID (from `../node_modules/react-native-touch-id-ng`)
  - Yoga (from `../node_modules/react-native/ReactCommon/yoga`)

SPEC REPOS:
  trunk:
    - Appboy-iOS-SDK
    - AppsFlyerFramework
    - CocoaAsyncSocket
    - Flipper
    - Flipper-Boost-iOSX
    - Flipper-DoubleConversion
    - Flipper-Fmt
    - Flipper-Folly
    - Flipper-Glog
    - Flipper-PeerTalk
    - Flipper-RSocket
    - FlipperKit
    - fmt
    - hermes-engine
    - InputMask
    - libevent
    - libwebp
    - OpenSSL-Universal
    - PoweredByDosh
    - SDWebImage
    - SDWebImageWebPCoder
    - SocketRocket
    - YogaKit

EXTERNAL SOURCES:
  boost:
    :podspec: "../node_modules/react-native/third-party-podspecs/boost.podspec"
  BVLinearGradient:
    :path: "../node_modules/react-native-linear-gradient"
  DoubleConversion:
    :podspec: "../node_modules/react-native/third-party-podspecs/DoubleConversion.podspec"
  FBLazyVector:
    :path: "../node_modules/react-native/Libraries/FBLazyVector"
  FBReactNativeSpec:
    :path: "../node_modules/react-native/React/FBReactNativeSpec"
  glog:
    :podspec: "../node_modules/react-native/third-party-podspecs/glog.podspec"
  Permission-Notifications:
    :path: "../node_modules/react-native-permissions/ios/Notifications/Permission-Notifications.podspec"
  RCT-Folly:
    :podspec: "../node_modules/react-native/third-party-podspecs/RCT-Folly.podspec"
  RCTRequired:
    :path: "../node_modules/react-native/Libraries/RCTRequired"
  RCTTypeSafety:
    :path: "../node_modules/react-native/Libraries/TypeSafety"
  React:
    :path: "../node_modules/react-native/"
  React-callinvoker:
    :path: "../node_modules/react-native/ReactCommon/callinvoker"
  React-Core:
    :path: "../node_modules/react-native/"
  React-CoreModules:
    :path: "../node_modules/react-native/React/CoreModules"
  React-cxxreact:
    :path: "../node_modules/react-native/ReactCommon/cxxreact"
  React-hermes:
    :path: "../node_modules/react-native/ReactCommon/hermes"
  React-jsi:
    :path: "../node_modules/react-native/ReactCommon/jsi"
  React-jsiexecutor:
    :path: "../node_modules/react-native/ReactCommon/jsiexecutor"
  React-jsinspector:
    :path: "../node_modules/react-native/ReactCommon/jsinspector"
  React-logger:
    :path: "../node_modules/react-native/ReactCommon/logger"
  react-native-appboy-sdk:
    :path: "../node_modules/react-native-appboy-sdk"
  react-native-appsflyer:
    :path: "../node_modules/react-native-appsflyer"
  react-native-blur:
    :path: "../node_modules/@react-native-community/blur"
  react-native-camera:
    :path: "../node_modules/react-native-camera"
  react-native-config:
    :path: "../node_modules/react-native-config"
  react-native-get-random-values:
    :path: "../node_modules/react-native-get-random-values"
  react-native-in-app-review:
    :path: "../node_modules/react-native-in-app-review"
  react-native-mail:
    :path: "../node_modules/react-native-mail"
  react-native-pager-view:
    :path: "../node_modules/react-native-pager-view"
  react-native-print:
    :path: "../node_modules/react-native-print"
  react-native-randombytes:
    :path: "../node_modules/react-native-randombytes"
  react-native-restart:
    :path: "../node_modules/react-native-restart"
  react-native-safe-area-context:
    :path: "../node_modules/react-native-safe-area-context"
  react-native-slider:
    :path: "../node_modules/@react-native-community/slider"
  react-native-text-input-mask:
    :path: "../node_modules/react-native-text-input-mask"
  react-native-user-agent:
    :path: "../node_modules/react-native-user-agent"
  react-native-webview:
    :path: "../node_modules/react-native-webview"
  React-perflogger:
    :path: "../node_modules/react-native/ReactCommon/reactperflogger"
  React-RCTActionSheet:
    :path: "../node_modules/react-native/Libraries/ActionSheetIOS"
  React-RCTAnimation:
    :path: "../node_modules/react-native/Libraries/NativeAnimation"
  React-RCTBlob:
    :path: "../node_modules/react-native/Libraries/Blob"
  React-RCTImage:
    :path: "../node_modules/react-native/Libraries/Image"
  React-RCTLinking:
    :path: "../node_modules/react-native/Libraries/LinkingIOS"
  React-RCTNetwork:
    :path: "../node_modules/react-native/Libraries/Network"
  React-RCTSettings:
    :path: "../node_modules/react-native/Libraries/Settings"
  React-RCTText:
    :path: "../node_modules/react-native/Libraries/Text"
  React-RCTVibration:
    :path: "../node_modules/react-native/Libraries/Vibration"
  React-runtimeexecutor:
    :path: "../node_modules/react-native/ReactCommon/runtimeexecutor"
  ReactCommon:
    :path: "../node_modules/react-native/ReactCommon"
  RNBootSplash:
    :path: "../node_modules/react-native-bootsplash"
  RNCAsyncStorage:
    :path: "../node_modules/@react-native-async-storage/async-storage"
  RNCClipboard:
    :path: "../node_modules/@react-native-community/clipboard"
  RNCMaskedView:
    :path: "../node_modules/@react-native-masked-view/masked-view"
  RNDeviceInfo:
    :path: "../node_modules/react-native-device-info"
  RNFastImage:
    :path: "../node_modules/react-native-fast-image"
  RNFS:
    :path: "../node_modules/react-native-fs"
  RNGestureHandler:
    :path: "../node_modules/react-native-gesture-handler"
  RNInAppBrowser:
    :path: "../node_modules/react-native-inappbrowser-reborn"
  RNLocalize:
    :path: "../node_modules/react-native-localize"
  RNOS:
    :path: "../node_modules/react-native-os"
  RNPermissions:
    :path: "../node_modules/react-native-permissions"
  RNQuickAction:
    :path: "../node_modules/react-native-quick-actions"
  RNRate:
    :path: "../node_modules/react-native-rate"
  RNReactNativeHapticFeedback:
    :path: "../node_modules/react-native-haptic-feedback"
  RNReanimated:
    :path: "../node_modules/react-native-reanimated"
  RNScreens:
    :path: "../node_modules/react-native-screens"
  RNShare:
    :path: "../node_modules/react-native-share"
  RNSharedElement:
    :path: "../node_modules/react-native-shared-element"
  RNSVG:
    :path: "../node_modules/react-native-svg"
  segment-analytics-react-native:
    :path: "../node_modules/@segment/analytics-react-native"
  segment-analytics-react-native-plugin-idfa:
    :path: "../node_modules/@segment/analytics-react-native-plugin-idfa"
  sovran-react-native:
    :path: "../node_modules/@segment/sovran-react-native"
  TouchID:
    :path: "../node_modules/react-native-touch-id-ng"
  Yoga:
    :path: "../node_modules/react-native/ReactCommon/yoga"

SPEC CHECKSUMS:
  Appboy-iOS-SDK: 640c2d51cec128008da5c4c680df3d76e8c137bc
  AppsFlyerFramework: 9f304d91cc80b6579b1206a59220383056b58b47
  boost: a7c83b31436843459a1961bfd74b96033dc77234
  BVLinearGradient: e3aad03778a456d77928f594a649e96995f1c872
  CocoaAsyncSocket: 065fd1e645c7abab64f7a6a2007a48038fdc6a99
  DoubleConversion: 831926d9b8bf8166fd87886c4abab286c2422662
  FBLazyVector: d2db9d00883282819d03bbd401b2ad4360d47580
  FBReactNativeSpec: 94da4d84ba3b1acf459103320882daa481a2b62d
  Flipper: 1cdd72ffa916071754a41e9684fb9bcaa4b690bf
  Flipper-Boost-iOSX: fd1e2b8cbef7e662a122412d7ac5f5bea715403c
  Flipper-DoubleConversion: 57ffbe81ef95306cc9e69c4aa3aeeeeb58a6a28c
  Flipper-Fmt: 60cbdd92fc254826e61d669a5d87ef7015396a9b
  Flipper-Folly: 83af37379faa69497529e414bd43fbfc7cae259a
  Flipper-Glog: 1dfd6abf1e922806c52ceb8701a3599a79a200a6
  Flipper-PeerTalk: 116d8f857dc6ef55c7a5a75ea3ceaafe878aadc9
  Flipper-RSocket: d9d9ade67cbecf6ac10730304bf5607266dd2541
  FlipperKit: 87dd306eef9927220672f98266e68bdab6c7cd69
  fmt: ff9d55029c625d3757ed641535fd4a75fedc7ce9
  glog: 85ecdd10ee8d8ec362ef519a6a45ff9aa27b2e85
  hermes-engine: bf7577d12ac6ccf53ab8b5af3c6ccf0dd8458c5c
  InputMask: 71d291dc54d2deaeac6512afb6ec2304228c0bb7
  libevent: 4049cae6c81cdb3654a443be001fb9bdceff7913
  libwebp: 98a37e597e40bfdb4c911fc98f2c53d0b12d05fc
  OpenSSL-Universal: 1aa4f6a6ee7256b83db99ec1ccdaa80d10f9af9b
  Permission-Notifications: bb420c3d28328df24de1b476b41ed8249ccf2537
  PoweredByDosh: c0c1d8247938521a90ed7f1499a6f00eb800d3ad
  RCT-Folly: 803a9cfd78114b2ec0f140cfa6fa2a6bafb2d685
  RCTRequired: 412e994c1e570cf35378a32c18fd46e50634938b
  RCTTypeSafety: ef27340c728e6d673af345ed69e479a010c8a2d8
  React: 36b9f5116572e5b80f01e562bb1f1451e8848e47
  React-callinvoker: 91e62870884d3db3a0db33bbb1ba4e53fa5210ca
  React-Core: 765ccc3861be1b93c7d5ca37f6b06e2efd6e7999
  React-CoreModules: da2ddff50a92576b6d58fbfc80a62ba3f81d8a4e
  React-cxxreact: b54cffd4feb550c3213cd38db4a2a4bdd896f715
  React-hermes: f12c1cf82cd839e98e59c84018b15d9ba0d4300a
  React-jsi: 103674913e4159a07df20ef214c6b563e90e7b2e
  React-jsiexecutor: e9895ccae253323ca70f693945fecbba091f0abd
  React-jsinspector: ec4fe4f65ccf9d67c8429dda955d3412db8a25ef
  React-logger: 85f4ef06b9723714b2dfa5b0e5502b673b271b58
  react-native-appboy-sdk: c4acd59780a21f498a1fce3c594365942a924c31
  react-native-appsflyer: fac6d94b40ce52dc69a07c242317b83c7b9e0cc2
  react-native-blur: cad4d93b364f91e7b7931b3fa935455487e5c33c
  react-native-camera: 3eae183c1d111103963f3dd913b65d01aef8110f
  react-native-config: 6502b1879f97ed5ac570a029961fc35ea606cd14
  react-native-get-random-values: a6ea6a8a65dc93e96e24a11105b1a9c8cfe1d72a
  react-native-in-app-review: a073f67c5f3392af6ea7fb383217cdb1aa2aa726
  react-native-mail: 8fdcd3aef007c33a6877a18eb4cf7447a1d4ce4a
  react-native-pager-view: 3ee7d4c7697fb3ef788346e834a60cca97ed8540
  react-native-print: 1ae7a4ce4bf673b975f2ec9c4e00ad0c9b60e8aa
  react-native-randombytes: 421f1c7d48c0af8dbcd471b0324393ebf8fe7846
  react-native-restart: 45c8dca02491980f2958595333cbccd6877cb57e
  react-native-safe-area-context: 584dc04881deb49474363f3be89e4ca0e854c057
  react-native-slider: cecabb58ecffad671d2ad3ccc58c7f4d2d029e95
  react-native-text-input-mask: 36a546b378fadd2efe1b7484a859d34bc2c80395
  react-native-user-agent: a90a1e839b99801baad67a73dd6f361a52aa3cf1
  react-native-webview: 162b6453d074e0b1c7025242bb7a939b6f72b9e7
  React-perflogger: d32ee13196f4ae2e4098fb7f8e7ed4f864c6fb0f
  React-RCTActionSheet: 81779c09e34a6a3d6b15783407ba9016a774f535
  React-RCTAnimation: b778eaaa42a884abcc5719035a7a0b2f54672658
  React-RCTBlob: 8edfc04c117decb0e7d4e6ab32bec91707e63ecb
  React-RCTImage: 2022097f1291bfebd0003e477318c72b07853578
  React-RCTLinking: bd8d889c65695181342541ce4420e9419845084c
  React-RCTNetwork: eae64b805d967bf3ece2cec3ad09218eeb32cb74
  React-RCTSettings: 0645af8aec5f40726e98d434a07ff58e75a81aa9
  React-RCTText: e55de507cda263ff58404c3e7d75bf76c2b80813
  React-RCTVibration: c3b8a3245267a3849b0c7cb91a37606bf5f3aa65
  React-runtimeexecutor: 434efc9e5b6d0f14f49867f130b39376c971c1aa
  ReactCommon: a30c2448e5a88bae6fcb0e3da124c14ae493dac1
  RNBootSplash: 51eef7e143faeab63f81ddbb7c1de38b8fba66ed
  RNCAsyncStorage: 0c357f3156fcb16c8589ede67cc036330b6698ca
  RNCClipboard: 41d8d918092ae8e676f18adada19104fa3e68495
  RNCMaskedView: c298b644a10c0c142055b3ae24d83879ecb13ccd
  RNDeviceInfo: b32d24c84e40d54b736e62a7d2abd15e1225258d
  RNFastImage: 1f2cab428712a4baaf78d6169eaec7f622556dd7
  RNFS: 4ac0f0ea233904cb798630b3c077808c06931688
  RNGestureHandler: 4f4986408310a43f1606c391f38f76e0d6e790d5
  RNInAppBrowser: e36d6935517101ccba0e875bac8ad7b0cb655364
  RNLocalize: f567ea0e35116a641cdffe6683b0d212d568f32a
  RNOS: 6f2f9a70895bbbfbdad7196abd952e7b01d45027
  RNPermissions: f7ebe52db07c00901127966ca080b4ec6a6ceb0a
  RNQuickAction: 6d404a869dc872cde841ad3147416a670d13fa93
  RNRate: 94f57c773e155ca0d0aeeba9c10a32bce9030daf
  RNReactNativeHapticFeedback: b83bfb4b537bdd78eb4f6ffe63c6884f7b049ead
  RNReanimated: 190b6930d5d94832061278e1070bbe313e50c830
  RNScreens: 4d79118be80f79fa1f4aa131909a1d6e86280af3
  RNShare: b089c33619bbfb0a32bc4069c858b9274e694187
  RNSharedElement: eb7d506733952d58634f34c82ec17e82f557e377
  RNSVG: 302bfc9905bd8122f08966dc2ce2d07b7b52b9f8
  SDWebImage: a7f831e1a65eb5e285e3fb046a23fcfbf08e696d
  SDWebImageWebPCoder: f93010f3f6c031e2f8fb3081ca4ee6966c539815
  segment-analytics-react-native: d3600ae853119d465d7f5b5884ef1c776796138a
  segment-analytics-react-native-plugin-idfa: 68fbc668f277eaf2e1e2673c6a5543ea857a1671
  SocketRocket: fccef3f9c5cedea1353a9ef6ada904fde10d6608
  sovran-react-native: 5f9715a62b50008d72c0cf904cb08c8377777b62
  TouchID: 175fa9c0b2b2651f25aaef4aa6bb42ce4d580c6e
  Yoga: 099a946cbf84c9b32ffdc4278d72db26710ecf92
  YogaKit: f782866e155069a2cca2517aafea43200b01fd5a

PODFILE CHECKSUM: 028e65bca16be9ebc8c327acc1641722908e9990

COCOAPODS: 1.11.3
