// !$*UTF8*$!
{
	archiveVersion = 1;
	classes = {
	};
	objectVersion = 54;
	objects = {

/* Begin PBXBuildFile section */
		03632D4B8959429DA3B141C2 /* Heebo-Medium.ttf in Resources */ = {isa = PBXBuildFile; fileRef = EF767449FFE9477D8B33CD84 /* Heebo-Medium.ttf */; };
		06BC8C600A86B5001B6303AC /* PrivacyInfo.xcprivacy in Resources */ = {isa = PBXBuildFile; fileRef = 5D5D40A7E7B5265D652187F9 /* PrivacyInfo.xcprivacy */; };
		0F819B33648D4741AAFCAD09 /* Heebo-ExtraBold.ttf in Resources */ = {isa = PBXBuildFile; fileRef = 4BD0D9E39B2B473191E700CE /* Heebo-ExtraBold.ttf */; };
		13B07FBF1A68108700A75B9A /* Images.xcassets in Resources */ = {isa = PBXBuildFile; fileRef = 13B07FB51A68108700A75B9A /* Images.xcassets */; };
		256B92C82AC0ED0D00C1DF97 /* bitpay-recovery-phrase-template.pdf in Resources */ = {isa = PBXBuildFile; fileRef = 256B92C72AC0ED0D00C1DF97 /* bitpay-recovery-phrase-template.pdf */; };
		4054F0E729AEFAF0009BBC9C /* AllowedUrlPrefixProtocol.mm in Sources */ = {isa = PBXBuildFile; fileRef = 4054F0E529AEFAEF009BBC9C /* AllowedUrlPrefixProtocol.mm */; };
		5B31AAFE2786387B002765E1 /* RCTDosh.mm in Sources */ = {isa = PBXBuildFile; fileRef = 5B31AAFD2786387B002765E1 /* RCTDosh.mm */; };
		5B31AB5F2786515A002765E1 /* Dosh.swift in Sources */ = {isa = PBXBuildFile; fileRef = 5B31AB5E2786515A002765E1 /* Dosh.swift */; };
		5B5631782838854000C395A8 /* PassKit.framework in Frameworks */ = {isa = PBXBuildFile; fileRef = 5B5631772838854000C395A8 /* PassKit.framework */; };
		5BCF1C352740B8B2006D872E /* BootSplash.storyboard in Resources */ = {isa = PBXBuildFile; fileRef = 5BCF1C342740B8B2006D872E /* BootSplash.storyboard */; };
		5BEA4BF02838402700AB2121 /* RCTPaymentPass.mm in Sources */ = {isa = PBXBuildFile; fileRef = 5BEA4BEF2838402700AB2121 /* RCTPaymentPass.mm */; };
		6D615C4929725FD70063DB8E /* RCTTimer.mm in Sources */ = {isa = PBXBuildFile; fileRef = 6D615C4729725FD70063DB8E /* RCTTimer.mm */; };
		71BABDA4524A43E98A190C87 /* Heebo-Light.ttf in Resources */ = {isa = PBXBuildFile; fileRef = 6D649751C2644FDCA18A5547 /* Heebo-Light.ttf */; };
		761780ED2CA45674006654EE /* AppDelegate.swift in Sources */ = {isa = PBXBuildFile; fileRef = 761780EC2CA45674006654EE /* AppDelegate.swift */; };
		D34892F44CAB44409EC335A9 /* Heebo-Black.ttf in Resources */ = {isa = PBXBuildFile; fileRef = F4435EB64D2448EC885B3036 /* Heebo-Black.ttf */; };
		D9739196BA804EA29143DA96 /* Heebo-Bold.ttf in Resources */ = {isa = PBXBuildFile; fileRef = 715670CB346B45A7A9EC2044 /* Heebo-Bold.ttf */; };
		E6807D9059A643129784A5C3 /* Heebo-Thin.ttf in Resources */ = {isa = PBXBuildFile; fileRef = 4DCF32F2D2364E70AD2F1E68 /* Heebo-Thin.ttf */; };
		EC0FDD6A2CC92E90009E1B35 /* InAppMessageModule.mm in Sources */ = {isa = PBXBuildFile; fileRef = EC0FDD692CC92E90009E1B35 /* InAppMessageModule.mm */; };
		ECCB92782860B25D00F9CF8B /* SilentPushEvent.mm in Sources */ = {isa = PBXBuildFile; fileRef = ECCB92762860B25D00F9CF8B /* SilentPushEvent.mm */; };
		F64C0BF216CE4402A51A5ACC /* Heebo-Regular.ttf in Resources */ = {isa = PBXBuildFile; fileRef = BCDAB70057C84109A9201936 /* Heebo-Regular.ttf */; };
		F752A75F2F49211F46292AA3 /* Pods_BitPayApp.framework in Frameworks */ = {isa = PBXBuildFile; fileRef = 45E05BC2F660DC1B62C49025 /* Pods_BitPayApp.framework */; };
/* End PBXBuildFile section */

/* Begin PBXFileReference section */
		13B07F961A680F5B00A75B9A /* BitPayApp.app */ = {isa = PBXFileReference; explicitFileType = wrapper.application; includeInIndex = 0; path = BitPayApp.app; sourceTree = BUILT_PRODUCTS_DIR; };
		13B07FB51A68108700A75B9A /* Images.xcassets */ = {isa = PBXFileReference; lastKnownFileType = folder.assetcatalog; name = Images.xcassets; path = BitPayApp/Images.xcassets; sourceTree = "<group>"; };
		13B07FB61A68108700A75B9A /* Info.plist */ = {isa = PBXFileReference; fileEncoding = 4; lastKnownFileType = text.plist.xml; name = Info.plist; path = BitPayApp/Info.plist; sourceTree = "<group>"; };
		13B07FB81A68108700A75B9A /* PrivacyInfo.xcprivacy */ = {isa = PBXFileReference; fileEncoding = 4; lastKnownFileType = text.plist.xml; name = PrivacyInfo.xcprivacy; path = BitPayApp/PrivacyInfo.xcprivacy; sourceTree = "<group>"; };
		256B92C72AC0ED0D00C1DF97 /* bitpay-recovery-phrase-template.pdf */ = {isa = PBXFileReference; lastKnownFileType = image.pdf; name = "bitpay-recovery-phrase-template.pdf"; path = "../assets/files/bitpay-recovery-phrase-template.pdf"; sourceTree = "<group>"; };
		4054F0E529AEFAEF009BBC9C /* AllowedUrlPrefixProtocol.mm */ = {isa = PBXFileReference; fileEncoding = 4; lastKnownFileType = sourcecode.c.objc; path = AllowedUrlPrefixProtocol.mm; sourceTree = "<group>"; };
		4054F0E629AEFAF0009BBC9C /* AllowedUrlPrefixProtocol.h */ = {isa = PBXFileReference; fileEncoding = 4; lastKnownFileType = sourcecode.c.h; path = AllowedUrlPrefixProtocol.h; sourceTree = "<group>"; };
		4221E54904CA4996330CEB54 /* Pods-BitPayApp.debug.xcconfig */ = {isa = PBXFileReference; includeInIndex = 1; lastKnownFileType = text.xcconfig; name = "Pods-BitPayApp.debug.xcconfig"; path = "Target Support Files/Pods-BitPayApp/Pods-BitPayApp.debug.xcconfig"; sourceTree = "<group>"; };
		45E05BC2F660DC1B62C49025 /* Pods_BitPayApp.framework */ = {isa = PBXFileReference; explicitFileType = wrapper.framework; includeInIndex = 0; path = Pods_BitPayApp.framework; sourceTree = BUILT_PRODUCTS_DIR; };
		4BD0D9E39B2B473191E700CE /* Heebo-ExtraBold.ttf */ = {isa = PBXFileReference; explicitFileType = undefined; fileEncoding = 9; includeInIndex = 0; lastKnownFileType = unknown; name = "Heebo-ExtraBold.ttf"; path = "../assets/fonts/Heebo-ExtraBold.ttf"; sourceTree = "<group>"; };
		4DCF32F2D2364E70AD2F1E68 /* Heebo-Thin.ttf */ = {isa = PBXFileReference; explicitFileType = undefined; fileEncoding = 9; includeInIndex = 0; lastKnownFileType = unknown; name = "Heebo-Thin.ttf"; path = "../assets/fonts/Heebo-Thin.ttf"; sourceTree = "<group>"; };
		5B31AAFC2786381C002765E1 /* RCTDosh.h */ = {isa = PBXFileReference; lastKnownFileType = sourcecode.c.h; path = RCTDosh.h; sourceTree = "<group>"; };
		5B31AAFD2786387B002765E1 /* RCTDosh.mm */ = {isa = PBXFileReference; lastKnownFileType = sourcecode.c.objc; path = RCTDosh.mm; sourceTree = "<group>"; };
		5B31AB5E2786515A002765E1 /* Dosh.swift */ = {isa = PBXFileReference; lastKnownFileType = sourcecode.swift; path = Dosh.swift; sourceTree = "<group>"; };
		5B5631772838854000C395A8 /* PassKit.framework */ = {isa = PBXFileReference; lastKnownFileType = wrapper.framework; name = PassKit.framework; path = System/Library/Frameworks/PassKit.framework; sourceTree = SDKROOT; };
		5BC1477B27B490E5004A8EEA /* BitPayApp-Bridging-Header.h */ = {isa = PBXFileReference; lastKnownFileType = sourcecode.c.h; path = "BitPayApp-Bridging-Header.h"; sourceTree = "<group>"; };
		5BC9567927AF3C6A00ACED07 /* BitPayAppDebug.entitlements */ = {isa = PBXFileReference; lastKnownFileType = text.plist.entitlements; name = BitPayAppDebug.entitlements; path = BitPayApp/BitPayAppDebug.entitlements; sourceTree = "<group>"; };
		5BCF1C342740B8B2006D872E /* BootSplash.storyboard */ = {isa = PBXFileReference; fileEncoding = 4; lastKnownFileType = file.storyboard; name = BootSplash.storyboard; path = BitPayApp/BootSplash.storyboard; sourceTree = "<group>"; };
		5BEA4BEE2838400700AB2121 /* RCTPaymentPass.h */ = {isa = PBXFileReference; lastKnownFileType = sourcecode.c.h; path = RCTPaymentPass.h; sourceTree = "<group>"; };
		5BEA4BEF2838402700AB2121 /* RCTPaymentPass.mm */ = {isa = PBXFileReference; lastKnownFileType = sourcecode.c.objc; path = RCTPaymentPass.mm; sourceTree = "<group>"; };
		5D5D40A7E7B5265D652187F9 /* PrivacyInfo.xcprivacy */ = {isa = PBXFileReference; includeInIndex = 1; name = PrivacyInfo.xcprivacy; path = BitPayApp/PrivacyInfo.xcprivacy; sourceTree = "<group>"; };
		6D615C4729725FD70063DB8E /* RCTTimer.mm */ = {isa = PBXFileReference; fileEncoding = 4; lastKnownFileType = sourcecode.c.objc; path = RCTTimer.mm; sourceTree = "<group>"; };
		6D615C4829725FD70063DB8E /* RCTTimer.h */ = {isa = PBXFileReference; fileEncoding = 4; lastKnownFileType = sourcecode.c.h; path = RCTTimer.h; sourceTree = "<group>"; };
		6D649751C2644FDCA18A5547 /* Heebo-Light.ttf */ = {isa = PBXFileReference; explicitFileType = undefined; fileEncoding = 9; includeInIndex = 0; lastKnownFileType = unknown; name = "Heebo-Light.ttf"; path = "../assets/fonts/Heebo-Light.ttf"; sourceTree = "<group>"; };
		715670CB346B45A7A9EC2044 /* Heebo-Bold.ttf */ = {isa = PBXFileReference; explicitFileType = undefined; fileEncoding = 9; includeInIndex = 0; lastKnownFileType = unknown; name = "Heebo-Bold.ttf"; path = "../assets/fonts/Heebo-Bold.ttf"; sourceTree = "<group>"; };
		761780EC2CA45674006654EE /* AppDelegate.swift */ = {isa = PBXFileReference; lastKnownFileType = sourcecode.swift; name = AppDelegate.swift; path = BitPayApp/AppDelegate.swift; sourceTree = "<group>"; };
		BCDAB70057C84109A9201936 /* Heebo-Regular.ttf */ = {isa = PBXFileReference; explicitFileType = undefined; fileEncoding = 9; includeInIndex = 0; lastKnownFileType = unknown; name = "Heebo-Regular.ttf"; path = "../assets/fonts/Heebo-Regular.ttf"; sourceTree = "<group>"; };
		E639E0380D05420CD0D64119 /* Pods-BitPayApp.release.xcconfig */ = {isa = PBXFileReference; includeInIndex = 1; lastKnownFileType = text.xcconfig; name = "Pods-BitPayApp.release.xcconfig"; path = "Target Support Files/Pods-BitPayApp/Pods-BitPayApp.release.xcconfig"; sourceTree = "<group>"; };
		EC0FDD692CC92E90009E1B35 /* InAppMessageModule.mm */ = {isa = PBXFileReference; lastKnownFileType = sourcecode.c.objc; path = InAppMessageModule.mm; sourceTree = "<group>"; };
		ECCB92762860B25D00F9CF8B /* SilentPushEvent.mm */ = {isa = PBXFileReference; fileEncoding = 4; lastKnownFileType = sourcecode.c.objc; path = SilentPushEvent.mm; sourceTree = "<group>"; };
		ECCB92772860B25D00F9CF8B /* SilentPushEvent.h */ = {isa = PBXFileReference; fileEncoding = 4; lastKnownFileType = sourcecode.c.h; path = SilentPushEvent.h; sourceTree = "<group>"; };
		ED297162215061F000B7C4FE /* JavaScriptCore.framework */ = {isa = PBXFileReference; lastKnownFileType = wrapper.framework; name = JavaScriptCore.framework; path = System/Library/Frameworks/JavaScriptCore.framework; sourceTree = SDKROOT; };
		EF767449FFE9477D8B33CD84 /* Heebo-Medium.ttf */ = {isa = PBXFileReference; explicitFileType = undefined; fileEncoding = 9; includeInIndex = 0; lastKnownFileType = unknown; name = "Heebo-Medium.ttf"; path = "../assets/fonts/Heebo-Medium.ttf"; sourceTree = "<group>"; };
		F4435EB64D2448EC885B3036 /* Heebo-Black.ttf */ = {isa = PBXFileReference; explicitFileType = undefined; fileEncoding = 9; includeInIndex = 0; lastKnownFileType = unknown; name = "Heebo-Black.ttf"; path = "../assets/fonts/Heebo-Black.ttf"; sourceTree = "<group>"; };
/* End PBXFileReference section */

/* Begin PBXFrameworksBuildPhase section */
		13B07F8C1A680F5B00A75B9A /* Frameworks */ = {
			isa = PBXFrameworksBuildPhase;
			buildActionMask = 2147483647;
			files = (
				5B5631782838854000C395A8 /* PassKit.framework in Frameworks */,
				F752A75F2F49211F46292AA3 /* Pods_BitPayApp.framework in Frameworks */,
			);
			runOnlyForDeploymentPostprocessing = 0;
		};
/* End PBXFrameworksBuildPhase section */

/* Begin PBXGroup section */
		13B07FAE1A68108700A75B9A /* BitPayApp */ = {
			isa = PBXGroup;
			children = (
				EC0FDD692CC92E90009E1B35 /* InAppMessageModule.mm */,
				ECCB92772860B25D00F9CF8B /* SilentPushEvent.h */,
				ECCB92762860B25D00F9CF8B /* SilentPushEvent.mm */,
				5BC9567927AF3C6A00ACED07 /* BitPayAppDebug.entitlements */,
				5BCF1C342740B8B2006D872E /* BootSplash.storyboard */,
				13B07FB51A68108700A75B9A /* Images.xcassets */,
				761780EC2CA45674006654EE /* AppDelegate.swift */,
				13B07FB61A68108700A75B9A /* Info.plist */,
				13B07FB81A68108700A75B9A /* PrivacyInfo.xcprivacy */,
				6D615C4829725FD70063DB8E /* RCTTimer.h */,
				6D615C4729725FD70063DB8E /* RCTTimer.mm */,
				5B31AAFC2786381C002765E1 /* RCTDosh.h */,
				5B31AAFD2786387B002765E1 /* RCTDosh.mm */,
				5B31AB5E2786515A002765E1 /* Dosh.swift */,
				4054F0E629AEFAF0009BBC9C /* AllowedUrlPrefixProtocol.h */,
				4054F0E529AEFAEF009BBC9C /* AllowedUrlPrefixProtocol.mm */,
				5BC1477B27B490E5004A8EEA /* BitPayApp-Bridging-Header.h */,
				5BEA4BEE2838400700AB2121 /* RCTPaymentPass.h */,
				5BEA4BEF2838402700AB2121 /* RCTPaymentPass.mm */,
				5D5D40A7E7B5265D652187F9 /* PrivacyInfo.xcprivacy */,
			);
			name = BitPayApp;
			sourceTree = "<group>";
		};
		2D16E6871FA4F8E400B85C8A /* Frameworks */ = {
			isa = PBXGroup;
			children = (
				5B5631772838854000C395A8 /* PassKit.framework */,
				ED297162215061F000B7C4FE /* JavaScriptCore.framework */,
				45E05BC2F660DC1B62C49025 /* Pods_BitPayApp.framework */,
			);
			name = Frameworks;
			sourceTree = "<group>";
		};
		3A6F88D6BF7C4F7A8D93264A /* Resources */ = {
			isa = PBXGroup;
			children = (
				256B92C72AC0ED0D00C1DF97 /* bitpay-recovery-phrase-template.pdf */,
				F4435EB64D2448EC885B3036 /* Heebo-Black.ttf */,
				715670CB346B45A7A9EC2044 /* Heebo-Bold.ttf */,
				4BD0D9E39B2B473191E700CE /* Heebo-ExtraBold.ttf */,
				6D649751C2644FDCA18A5547 /* Heebo-Light.ttf */,
				EF767449FFE9477D8B33CD84 /* Heebo-Medium.ttf */,
				BCDAB70057C84109A9201936 /* Heebo-Regular.ttf */,
				4DCF32F2D2364E70AD2F1E68 /* Heebo-Thin.ttf */,
			);
			name = Resources;
			sourceTree = "<group>";
		};
		7950FCCDC90E6306EDD77BCD /* Pods */ = {
			isa = PBXGroup;
			children = (
				4221E54904CA4996330CEB54 /* Pods-BitPayApp.debug.xcconfig */,
				E639E0380D05420CD0D64119 /* Pods-BitPayApp.release.xcconfig */,
			);
			path = Pods;
			sourceTree = "<group>";
		};
		832341AE1AAA6A7D00B99B32 /* Libraries */ = {
			isa = PBXGroup;
			children = (
			);
			name = Libraries;
			sourceTree = "<group>";
		};
		83CBB9F61A601CBA00E9B192 = {
			isa = PBXGroup;
			children = (
				13B07FAE1A68108700A75B9A /* BitPayApp */,
				832341AE1AAA6A7D00B99B32 /* Libraries */,
				83CBBA001A601CBA00E9B192 /* Products */,
				2D16E6871FA4F8E400B85C8A /* Frameworks */,
				7950FCCDC90E6306EDD77BCD /* Pods */,
				3A6F88D6BF7C4F7A8D93264A /* Resources */,
			);
			indentWidth = 2;
			sourceTree = "<group>";
			tabWidth = 2;
			usesTabs = 0;
		};
		83CBBA001A601CBA00E9B192 /* Products */ = {
			isa = PBXGroup;
			children = (
				13B07F961A680F5B00A75B9A /* BitPayApp.app */,
			);
			name = Products;
			sourceTree = "<group>";
		};
/* End PBXGroup section */

/* Begin PBXNativeTarget section */
		13B07F861A680F5B00A75B9A /* BitPayApp */ = {
			isa = PBXNativeTarget;
			buildConfigurationList = 13B07F931A680F5B00A75B9A /* Build configuration list for PBXNativeTarget "BitPayApp" */;
			buildPhases = (
				3C1070649A3322DC1391852F /* [CP] Check Pods Manifest.lock */,
				13B07F871A680F5B00A75B9A /* Sources */,
				13B07F8C1A680F5B00A75B9A /* Frameworks */,
				13B07F8E1A680F5B00A75B9A /* Resources */,
				00DD1BFF1BD5951E006B06BC /* Bundle React Native code and images */,
				C3CF03A4A13B8DA5B5BB02BA /* [CP] Embed Pods Frameworks */,
				A4F9FF5781B0ADEE84C32EAD /* [CP] Copy Pods Resources */,
			);
			buildRules = (
			);
			dependencies = (
			);
			name = BitPayApp;
			productName = BitPayApp;
			productReference = 13B07F961A680F5B00A75B9A /* BitPayApp.app */;
			productType = "com.apple.product-type.application";
		};
/* End PBXNativeTarget section */

/* Begin PBXProject section */
		83CBB9F71A601CBA00E9B192 /* Project object */ = {
			isa = PBXProject;
			attributes = {
				LastUpgradeCheck = 1210;
				TargetAttributes = {
					13B07F861A680F5B00A75B9A = {
						LastSwiftMigration = 1240;
					};
				};
			};
			buildConfigurationList = 83CBB9FA1A601CBA00E9B192 /* Build configuration list for PBXProject "BitPayApp" */;
			compatibilityVersion = "Xcode 12.0";
			developmentRegion = en;
			hasScannedForEncodings = 0;
			knownRegions = (
				en,
				Base,
			);
			mainGroup = 83CBB9F61A601CBA00E9B192;
			productRefGroup = 83CBBA001A601CBA00E9B192 /* Products */;
			projectDirPath = "";
			projectRoot = "";
			targets = (
				13B07F861A680F5B00A75B9A /* BitPayApp */,
			);
		};
/* End PBXProject section */

/* Begin PBXResourcesBuildPhase section */
		13B07F8E1A680F5B00A75B9A /* Resources */ = {
			isa = PBXResourcesBuildPhase;
			buildActionMask = 2147483647;
			files = (
				13B07FBF1A68108700A75B9A /* Images.xcassets in Resources */,
				D34892F44CAB44409EC335A9 /* Heebo-Black.ttf in Resources */,
				D9739196BA804EA29143DA96 /* Heebo-Bold.ttf in Resources */,
				0F819B33648D4741AAFCAD09 /* Heebo-ExtraBold.ttf in Resources */,
				5BCF1C352740B8B2006D872E /* BootSplash.storyboard in Resources */,
				256B92C82AC0ED0D00C1DF97 /* bitpay-recovery-phrase-template.pdf in Resources */,
				71BABDA4524A43E98A190C87 /* Heebo-Light.ttf in Resources */,
				03632D4B8959429DA3B141C2 /* Heebo-Medium.ttf in Resources */,
				F64C0BF216CE4402A51A5ACC /* Heebo-Regular.ttf in Resources */,
				E6807D9059A643129784A5C3 /* Heebo-Thin.ttf in Resources */,
				06BC8C600A86B5001B6303AC /* PrivacyInfo.xcprivacy in Resources */,
			);
			runOnlyForDeploymentPostprocessing = 0;
		};
/* End PBXResourcesBuildPhase section */

/* Begin PBXShellScriptBuildPhase section */
		00DD1BFF1BD5951E006B06BC /* Bundle React Native code and images */ = {
			isa = PBXShellScriptBuildPhase;
			buildActionMask = 2147483647;
			files = (
			);
			inputPaths = (
			);
			name = "Bundle React Native code and images";
			outputPaths = (
			);
			runOnlyForDeploymentPostprocessing = 0;
			shellPath = /bin/sh;
			shellScript = "set -e\n\nWITH_ENVIRONMENT=\"$REACT_NATIVE_PATH/scripts/xcode/with-environment.sh\"\nREACT_NATIVE_XCODE=\"$REACT_NATIVE_PATH/scripts/react-native-xcode.sh\"\n\n/bin/sh -c \"$WITH_ENVIRONMENT $REACT_NATIVE_XCODE\"\n";
		};
		3C1070649A3322DC1391852F /* [CP] Check Pods Manifest.lock */ = {
			isa = PBXShellScriptBuildPhase;
			buildActionMask = 2147483647;
			files = (
			);
			inputFileListPaths = (
			);
			inputPaths = (
				"${PODS_PODFILE_DIR_PATH}/Podfile.lock",
				"${PODS_ROOT}/Manifest.lock",
			);
			name = "[CP] Check Pods Manifest.lock";
			outputFileListPaths = (
			);
			outputPaths = (
				"$(DERIVED_FILE_DIR)/Pods-BitPayApp-checkManifestLockResult.txt",
			);
			runOnlyForDeploymentPostprocessing = 0;
			shellPath = /bin/sh;
			shellScript = "diff \"${PODS_PODFILE_DIR_PATH}/Podfile.lock\" \"${PODS_ROOT}/Manifest.lock\" > /dev/null\nif [ $? != 0 ] ; then\n    # print error to STDERR\n    echo \"error: The sandbox is not in sync with the Podfile.lock. Run 'pod install' or update your CocoaPods installation.\" >&2\n    exit 1\nfi\n# This output is used by Xcode 'outputs' to avoid re-running this script phase.\necho \"SUCCESS\" > \"${SCRIPT_OUTPUT_FILE_0}\"\n";
			showEnvVarsInLog = 0;
		};
		A4F9FF5781B0ADEE84C32EAD /* [CP] Copy Pods Resources */ = {
			isa = PBXShellScriptBuildPhase;
			buildActionMask = 2147483647;
			files = (
			);
			inputFileListPaths = (
				"${PODS_ROOT}/Target Support Files/Pods-BitPayApp/Pods-BitPayApp-resources-${CONFIGURATION}-input-files.xcfilelist",
			);
			name = "[CP] Copy Pods Resources";
			outputFileListPaths = (
				"${PODS_ROOT}/Target Support Files/Pods-BitPayApp/Pods-BitPayApp-resources-${CONFIGURATION}-output-files.xcfilelist",
			);
			runOnlyForDeploymentPostprocessing = 0;
			shellPath = /bin/sh;
			shellScript = "\"${PODS_ROOT}/Target Support Files/Pods-BitPayApp/Pods-BitPayApp-resources.sh\"\n";
			showEnvVarsInLog = 0;
		};
		C3CF03A4A13B8DA5B5BB02BA /* [CP] Embed Pods Frameworks */ = {
			isa = PBXShellScriptBuildPhase;
			buildActionMask = 2147483647;
			files = (
			);
			inputFileListPaths = (
				"${PODS_ROOT}/Target Support Files/Pods-BitPayApp/Pods-BitPayApp-frameworks-${CONFIGURATION}-input-files.xcfilelist",
			);
			name = "[CP] Embed Pods Frameworks";
			outputFileListPaths = (
				"${PODS_ROOT}/Target Support Files/Pods-BitPayApp/Pods-BitPayApp-frameworks-${CONFIGURATION}-output-files.xcfilelist",
			);
			runOnlyForDeploymentPostprocessing = 0;
			shellPath = /bin/sh;
			shellScript = "\"${PODS_ROOT}/Target Support Files/Pods-BitPayApp/Pods-BitPayApp-frameworks.sh\"\n";
			showEnvVarsInLog = 0;
		};
/* End PBXShellScriptBuildPhase section */

/* Begin PBXSourcesBuildPhase section */
		13B07F871A680F5B00A75B9A /* Sources */ = {
			isa = PBXSourcesBuildPhase;
			buildActionMask = 2147483647;
			files = (
				4054F0E729AEFAF0009BBC9C /* AllowedUrlPrefixProtocol.mm in Sources */,
				5B31AAFE2786387B002765E1 /* RCTDosh.mm in Sources */,
				EC0FDD6A2CC92E90009E1B35 /* InAppMessageModule.mm in Sources */,
				761780ED2CA45674006654EE /* AppDelegate.swift in Sources */,
				5BEA4BF02838402700AB2121 /* RCTPaymentPass.mm in Sources */,
				6D615C4929725FD70063DB8E /* RCTTimer.mm in Sources */,
				ECCB92782860B25D00F9CF8B /* SilentPushEvent.mm in Sources */,
				5B31AB5F2786515A002765E1 /* Dosh.swift in Sources */,
			);
			runOnlyForDeploymentPostprocessing = 0;
		};
/* End PBXSourcesBuildPhase section */

/* Begin XCBuildConfiguration section */
		13B07F941A680F5B00A75B9A /* Debug */ = {
			isa = XCBuildConfiguration;
			baseConfigurationReference = 4221E54904CA4996330CEB54 /* Pods-BitPayApp.debug.xcconfig */;
			buildSettings = {
				ALLOWED_URL_PREFIXES = "ALLOWED-URL-PREFIXES-REPLACE-ME";
				ALWAYS_EMBED_SWIFT_STANDARD_LIBRARIES = "$(inherited)";
				ASSETCATALOG_COMPILER_APPICON_NAME = AppIcon;
				CLANG_ALLOW_NON_MODULAR_INCLUDES_IN_FRAMEWORK_MODULES = NO;
				CLANG_ENABLE_MODULES = YES;
				CODE_SIGN_ENTITLEMENTS = "${PROJECT_DIR}/${PROJECT_NAME}/BitPayApp${CONFIGURATION}.entitlements";
				CODE_SIGN_IDENTITY = "iPhone Developer";
				CODE_SIGN_STYLE = Manual;
				CURRENT_PROJECT_VERSION = 1;
				DEFINES_MODULE = YES;
				DEVELOPMENT_TEAM = 884JRH5R93;
				ENABLE_BITCODE = NO;
				INFOPLIST_FILE = BitPayApp/Info.plist;
				INFOPLIST_KEY_NSBluetoothAlwaysUsageDescription = "This app requires permanent access to Bluetooth for establishing secure connections with Ledger Nano devices.";
				INFOPLIST_KEY_NSBluetoothPeripheralUsageDescription = "This app requires access to Bluetooth for establishing secure connections with Ledger Nano devices, enabling seamless interaction and management of cryptocurrency transactions.";
				IPHONEOS_DEPLOYMENT_TARGET = 15.1;
				LD_RUNPATH_SEARCH_PATHS = (
					"$(inherited)",
					"@executable_path/Frameworks",
				);
				OTHER_CODE_SIGN_FLAGS = "--generate-entitlement-der";
				OTHER_LDFLAGS = (
					"$(inherited)",
					"-ObjC",
					"-lc++",
				);
				PRODUCT_BUNDLE_IDENTIFIER = com.bitpay.wallet;
				PRODUCT_NAME = BitPayApp;
				PROVISIONING_PROFILE_SPECIFIER = "BitPay Development Profile (ApplePay)";
				SUPPORTED_PLATFORMS = "iphoneos iphonesimulator";
				SUPPORTS_MACCATALYST = NO;
				SUPPORTS_MAC_DESIGNED_FOR_IPHONE_IPAD = YES;
				SWIFT_OBJC_BRIDGING_HEADER = "BitPayApp-Bridging-Header.h";
				SWIFT_OPTIMIZATION_LEVEL = "-Onone";
				SWIFT_VERSION = 5.0;
				TARGETED_DEVICE_FAMILY = "1,2";
				VERSIONING_SYSTEM = "apple-generic";
			};
			name = Debug;
		};
		13B07F951A680F5B00A75B9A /* Release */ = {
			isa = XCBuildConfiguration;
			baseConfigurationReference = E639E0380D05420CD0D64119 /* Pods-BitPayApp.release.xcconfig */;
			buildSettings = {
				ALLOWED_URL_PREFIXES = "ALLOWED-URL-PREFIXES-REPLACE-ME";
				ALWAYS_EMBED_SWIFT_STANDARD_LIBRARIES = "$(inherited)";
				ASSETCATALOG_COMPILER_APPICON_NAME = AppIcon;
				CLANG_ALLOW_NON_MODULAR_INCLUDES_IN_FRAMEWORK_MODULES = NO;
				CLANG_ENABLE_MODULES = YES;
				CODE_SIGN_ENTITLEMENTS = BitPayApp/BitPayAppRelease.entitlements;
				CURRENT_PROJECT_VERSION = 1;
				DEFINES_MODULE = YES;
				DEVELOPMENT_TEAM = 884JRH5R93;
				INFOPLIST_FILE = BitPayApp/Info.plist;
				INFOPLIST_KEY_NSBluetoothPeripheralUsageDescription = "This app requires access to Bluetooth for establishing secure connections with Ledger Nano devices, enabling seamless interaction and management of cryptocurrency transactions.";
				IPHONEOS_DEPLOYMENT_TARGET = 15.1;
				LD_RUNPATH_SEARCH_PATHS = (
					"$(inherited)",
					"@executable_path/Frameworks",
				);
				OTHER_CODE_SIGN_FLAGS = "--generate-entitlement-der";
				OTHER_LDFLAGS = (
					"$(inherited)",
					"-ObjC",
					"-lc++",
				);
				PRODUCT_BUNDLE_IDENTIFIER = com.bitpay.wallet;
				PRODUCT_NAME = BitPayApp;
				PROVISIONING_PROFILE_SPECIFIER = "BitPay Development Profile (ApplePay)";
				SUPPORTED_PLATFORMS = "iphoneos iphonesimulator";
				SUPPORTS_MACCATALYST = NO;
				SUPPORTS_MAC_DESIGNED_FOR_IPHONE_IPAD = YES;
				SWIFT_OBJC_BRIDGING_HEADER = "BitPayApp-Bridging-Header.h";
				SWIFT_VERSION = 5.0;
				TARGETED_DEVICE_FAMILY = "1,2";
				VERSIONING_SYSTEM = "apple-generic";
			};
			name = Release;
		};
		83CBBA201A601CBA00E9B192 /* Debug */ = {
			isa = XCBuildConfiguration;
			buildSettings = {
				ALWAYS_SEARCH_USER_PATHS = NO;
				BUILD_LIBRARY_FOR_DISTRIBUTION = NO;
				CC = "";
				CLANG_ANALYZER_LOCALIZABILITY_NONLOCALIZED = YES;
				CLANG_CXX_LANGUAGE_STANDARD = "c++20";
				CLANG_CXX_LIBRARY = "libc++";
				CLANG_ENABLE_MODULES = YES;
				CLANG_ENABLE_OBJC_ARC = YES;
				CLANG_WARN_BLOCK_CAPTURE_AUTORELEASING = YES;
				CLANG_WARN_BOOL_CONVERSION = YES;
				CLANG_WARN_COMMA = YES;
				CLANG_WARN_CONSTANT_CONVERSION = YES;
				CLANG_WARN_DEPRECATED_OBJC_IMPLEMENTATIONS = YES;
				CLANG_WARN_DIRECT_OBJC_ISA_USAGE = YES_ERROR;
				CLANG_WARN_EMPTY_BODY = YES;
				CLANG_WARN_ENUM_CONVERSION = YES;
				CLANG_WARN_INFINITE_RECURSION = YES;
				CLANG_WARN_INT_CONVERSION = YES;
				CLANG_WARN_NON_LITERAL_NULL_CONVERSION = YES;
				CLANG_WARN_OBJC_IMPLICIT_RETAIN_SELF = YES;
				CLANG_WARN_OBJC_LITERAL_CONVERSION = YES;
				CLANG_WARN_OBJC_ROOT_CLASS = YES_ERROR;
				CLANG_WARN_QUOTED_INCLUDE_IN_FRAMEWORK_HEADER = YES;
				CLANG_WARN_RANGE_LOOP_ANALYSIS = YES;
				CLANG_WARN_STRICT_PROTOTYPES = YES;
				CLANG_WARN_SUSPICIOUS_MOVE = YES;
				CLANG_WARN_UNREACHABLE_CODE = YES;
				CLANG_WARN__DUPLICATE_METHOD_MATCH = YES;
				"CODE_SIGN_IDENTITY[sdk=iphoneos*]" = "iPhone Developer";
				COPY_PHASE_STRIP = NO;
				CXX = "";
				ENABLE_STRICT_OBJC_MSGSEND = YES;
				ENABLE_TESTABILITY = YES;
				"EXCLUDED_ARCHS[sdk=iphonesimulator*]" = i386;
				GCC_C_LANGUAGE_STANDARD = gnu99;
				GCC_DYNAMIC_NO_PIC = NO;
				GCC_NO_COMMON_BLOCKS = YES;
				GCC_OPTIMIZATION_LEVEL = 0;
				GCC_PREPROCESSOR_DEFINITIONS = (
					"DEBUG=1",
					"$(inherited)",
					_LIBCPP_ENABLE_CXX17_REMOVED_UNARY_BINARY_FUNCTION,
				);
				GCC_SYMBOLS_PRIVATE_EXTERN = NO;
				GCC_WARN_64_TO_32_BIT_CONVERSION = YES;
				GCC_WARN_ABOUT_RETURN_TYPE = YES_ERROR;
				GCC_WARN_UNDECLARED_SELECTOR = YES;
				GCC_WARN_UNINITIALIZED_AUTOS = YES_AGGRESSIVE;
				GCC_WARN_UNUSED_FUNCTION = YES;
				GCC_WARN_UNUSED_VARIABLE = YES;
				HEADER_SEARCH_PATHS = (
					"$(inherited)",
					"${PODS_CONFIGURATION_BUILD_DIR}/ReactCommon/ReactCommon.framework/Headers",
					"${PODS_CONFIGURATION_BUILD_DIR}/ReactCommon/ReactCommon.framework/Headers/react/nativemodule/core",
					"${PODS_CONFIGURATION_BUILD_DIR}/ReactCommon-Samples/ReactCommon_Samples.framework/Headers",
					"${PODS_CONFIGURATION_BUILD_DIR}/ReactCommon-Samples/ReactCommon_Samples.framework/Headers/platform/ios",
					"${PODS_CONFIGURATION_BUILD_DIR}/React-Fabric/React_Fabric.framework/Headers/react/renderer/components/view/platform/cxx",
					"${PODS_CONFIGURATION_BUILD_DIR}/React-NativeModulesApple/React_NativeModulesApple.framework/Headers",
					"${PODS_CONFIGURATION_BUILD_DIR}/React-graphics/React_graphics.framework/Headers",
					"${PODS_CONFIGURATION_BUILD_DIR}/React-graphics/React_graphics.framework/Headers/react/renderer/graphics/platform/ios",
				);
				IPHONEOS_DEPLOYMENT_TARGET = 15.1;
				LD = "";
				LDPLUSPLUS = "";
				LD_RUNPATH_SEARCH_PATHS = (
					/usr/lib/swift,
					"$(inherited)",
				);
				LIBRARY_SEARCH_PATHS = "$(SDKROOT)/usr/lib/swift\"$(inherited)\"";
				MTL_ENABLE_DEBUG_INFO = YES;
				ONLY_ACTIVE_ARCH = YES;
				OTHER_CFLAGS = "$(inherited)";
				OTHER_CPLUSPLUSFLAGS = (
					"$(inherited)",
					"-DRCT_NEW_ARCH_ENABLED=1",
					"-DFOLLY_NO_CONFIG",
					"-DFOLLY_MOBILE=1",
					"-DFOLLY_USE_LIBCPP=1",
					"-DFOLLY_CFG_NO_COROUTINES=1",
					"-DFOLLY_HAVE_CLOCK_GETTIME=1",
				);
				OTHER_LDFLAGS = "$(inherited)";
				OTHER_SWIFT_FLAGS = "-no-verify-emitted-module-interface";
				REACT_NATIVE_PATH = "${PODS_ROOT}/../../node_modules/react-native";
				SDKROOT = iphoneos;
				SWIFT_ACTIVE_COMPILATION_CONDITIONS = "$(inherited) DEBUG";
				USE_HERMES = true;
			};
			name = Debug;
		};
		83CBBA211A601CBA00E9B192 /* Release */ = {
			isa = XCBuildConfiguration;
			buildSettings = {
				ALWAYS_SEARCH_USER_PATHS = NO;
				BUILD_LIBRARY_FOR_DISTRIBUTION = NO;
				CC = "";
				CLANG_ANALYZER_LOCALIZABILITY_NONLOCALIZED = YES;
				CLANG_CXX_LANGUAGE_STANDARD = "c++20";
				CLANG_CXX_LIBRARY = "libc++";
				CLANG_ENABLE_MODULES = YES;
				CLANG_ENABLE_OBJC_ARC = YES;
				CLANG_WARN_BLOCK_CAPTURE_AUTORELEASING = YES;
				CLANG_WARN_BOOL_CONVERSION = YES;
				CLANG_WARN_COMMA = YES;
				CLANG_WARN_CONSTANT_CONVERSION = YES;
				CLANG_WARN_DEPRECATED_OBJC_IMPLEMENTATIONS = YES;
				CLANG_WARN_DIRECT_OBJC_ISA_USAGE = YES_ERROR;
				CLANG_WARN_EMPTY_BODY = YES;
				CLANG_WARN_ENUM_CONVERSION = YES;
				CLANG_WARN_INFINITE_RECURSION = YES;
				CLANG_WARN_INT_CONVERSION = YES;
				CLANG_WARN_NON_LITERAL_NULL_CONVERSION = YES;
				CLANG_WARN_OBJC_IMPLICIT_RETAIN_SELF = YES;
				CLANG_WARN_OBJC_LITERAL_CONVERSION = YES;
				CLANG_WARN_OBJC_ROOT_CLASS = YES_ERROR;
				CLANG_WARN_QUOTED_INCLUDE_IN_FRAMEWORK_HEADER = YES;
				CLANG_WARN_RANGE_LOOP_ANALYSIS = YES;
				CLANG_WARN_STRICT_PROTOTYPES = YES;
				CLANG_WARN_SUSPICIOUS_MOVE = YES;
				CLANG_WARN_UNREACHABLE_CODE = YES;
				CLANG_WARN__DUPLICATE_METHOD_MATCH = YES;
				"CODE_SIGN_IDENTITY[sdk=iphoneos*]" = "iPhone Developer";
				COPY_PHASE_STRIP = YES;
				CXX = "";
				ENABLE_NS_ASSERTIONS = NO;
				ENABLE_STRICT_OBJC_MSGSEND = YES;
				"EXCLUDED_ARCHS[sdk=iphonesimulator*]" = i386;
				GCC_C_LANGUAGE_STANDARD = gnu99;
				GCC_NO_COMMON_BLOCKS = YES;
				GCC_PREPROCESSOR_DEFINITIONS = (
					"$(inherited)",
					_LIBCPP_ENABLE_CXX17_REMOVED_UNARY_BINARY_FUNCTION,
				);
				GCC_WARN_64_TO_32_BIT_CONVERSION = YES;
				GCC_WARN_ABOUT_RETURN_TYPE = YES_ERROR;
				GCC_WARN_UNDECLARED_SELECTOR = YES;
				GCC_WARN_UNINITIALIZED_AUTOS = YES_AGGRESSIVE;
				GCC_WARN_UNUSED_FUNCTION = YES;
				GCC_WARN_UNUSED_VARIABLE = YES;
				HEADER_SEARCH_PATHS = (
					"$(inherited)",
					"${PODS_CONFIGURATION_BUILD_DIR}/ReactCommon/ReactCommon.framework/Headers",
					"${PODS_CONFIGURATION_BUILD_DIR}/ReactCommon/ReactCommon.framework/Headers/react/nativemodule/core",
					"${PODS_CONFIGURATION_BUILD_DIR}/ReactCommon-Samples/ReactCommon_Samples.framework/Headers",
					"${PODS_CONFIGURATION_BUILD_DIR}/ReactCommon-Samples/ReactCommon_Samples.framework/Headers/platform/ios",
					"${PODS_CONFIGURATION_BUILD_DIR}/React-Fabric/React_Fabric.framework/Headers/react/renderer/components/view/platform/cxx",
					"${PODS_CONFIGURATION_BUILD_DIR}/React-NativeModulesApple/React_NativeModulesApple.framework/Headers",
					"${PODS_CONFIGURATION_BUILD_DIR}/React-graphics/React_graphics.framework/Headers",
					"${PODS_CONFIGURATION_BUILD_DIR}/React-graphics/React_graphics.framework/Headers/react/renderer/graphics/platform/ios",
				);
				IPHONEOS_DEPLOYMENT_TARGET = 15.1;
				LD = "";
				LDPLUSPLUS = "";
				LD_RUNPATH_SEARCH_PATHS = (
					/usr/lib/swift,
					"$(inherited)",
				);
				LIBRARY_SEARCH_PATHS = "$(SDKROOT)/usr/lib/swift\"$(inherited)\"";
				MTL_ENABLE_DEBUG_INFO = NO;
				OTHER_CFLAGS = "$(inherited)";
				OTHER_CPLUSPLUSFLAGS = (
					"$(inherited)",
					"-DRCT_NEW_ARCH_ENABLED=1",
					"-DFOLLY_NO_CONFIG",
					"-DFOLLY_MOBILE=1",
					"-DFOLLY_USE_LIBCPP=1",
					"-DFOLLY_CFG_NO_COROUTINES=1",
					"-DFOLLY_HAVE_CLOCK_GETTIME=1",
				);
				OTHER_LDFLAGS = "$(inherited)";
				OTHER_SWIFT_FLAGS = "-no-verify-emitted-module-interface";
				REACT_NATIVE_PATH = "${PODS_ROOT}/../../node_modules/react-native";
				SDKROOT = iphoneos;
				USE_HERMES = true;
				VALIDATE_PRODUCT = YES;
			};
			name = Release;
		};
/* End XCBuildConfiguration section */

/* Begin XCConfigurationList section */
		13B07F931A680F5B00A75B9A /* Build configuration list for PBXNativeTarget "BitPayApp" */ = {
			isa = XCConfigurationList;
			buildConfigurations = (
				13B07F941A680F5B00A75B9A /* Debug */,
				13B07F951A680F5B00A75B9A /* Release */,
			);
			defaultConfigurationIsVisible = 0;
			defaultConfigurationName = Release;
		};
		83CBB9FA1A601CBA00E9B192 /* Build configuration list for PBXProject "BitPayApp" */ = {
			isa = XCConfigurationList;
			buildConfigurations = (
				83CBBA201A601CBA00E9B192 /* Debug */,
				83CBBA211A601CBA00E9B192 /* Release */,
			);
			defaultConfigurationIsVisible = 0;
			defaultConfigurationName = Release;
		};
/* End XCConfigurationList section */
	};
	rootObject = 83CBB9F71A601CBA00E9B192 /* Project object */;
}
